{
  "name": "low-battery",
  "version": "1.0.0",
  "lockfileVersion": 2,
  "requires": true,
  "packages": {
    "": {
      "version": "1.0.0",
      "license": "ISC",
      "dependencies": {
        "imask": "^6.4.3",
        "prettier": "^2.8.1"
      },
      "devDependencies": {}
    },
    "node_modules/imask": {
      "version": "6.4.3",
      "resolved": "https://registry.npmjs.org/imask/-/imask-6.4.3.tgz",
      "integrity": "sha512-aH2GHemGkr3cbRBfhogHMIx05eUxdHrZNlKTTLmz8VxpSopuHHJ8+85FsDlBVQqxPlDLhZuwj4lpHHWbLOdBSw==",
      "engines": {
        "npm": ">=4.0.0"
      }
    },
    "node_modules/prettier": {
      "version": "2.8.1",
      "resolved": "https://registry.npmjs.org/prettier/-/prettier-2.8.1.tgz",
      "integrity": "sha512-lqGoSJBQNJidqCHE80vqZJHWHRFoNYsSpP9AjFhlhi9ODCJA541svILes/+/1GM3VaL/abZi7cpFzOpdR9UPKg==",
      "bin": {
        "prettier": "bin-prettier.js"
      },
      "engines": {
        "node": ">=10.13.0"
      },
      "funding": {
        "url": "https://github.com/prettier/prettier?sponsor=1"
      }
    }
  },
  "dependencies": {
    "imask": {
      "version": "6.4.3",
      "resolved": "https://registry.npmjs.org/imask/-/imask-6.4.3.tgz",
      "integrity": "sha512-aH2GHemGkr3cbRBfhogHMIx05eUxdHrZNlKTTLmz8VxpSopuHHJ8+85FsDlBVQqxPlDLhZuwj4lpHHWbLOdBSw=="
    },
    "prettier": {
      "version": "2.8.1",
      "resolved": "https://registry.npmjs.org/prettier/-/prettier-2.8.1.tgz",
      "integrity": "sha512-lqGoSJBQNJidqCHE80vqZJHWHRFoNYsSpP9AjFhlhi9ODCJA541svILes/+/1GM3VaL/abZi7cpFzOpdR9UPKg=="
    }
  }
}
